// !$*UTF8*$!
{
	archiveVersion = 1;
	classes = {
	};
	objectVersion = 56;
	objects = {

/* Begin PBXBuildFile section */
		492DAAF829A8E62100B0552B /* AppDelegate.swift in Sources */ = {isa = PBXBuildFile; fileRef = 492DAAF729A8E62100B0552B /* AppDelegate.swift */; };
		492DAAFA29A8E62100B0552B /* SceneDelegate.swift in Sources */ = {isa = PBXBuildFile; fileRef = 492DAAF929A8E62100B0552B /* SceneDelegate.swift */; };
		492DAAFC29A8E62100B0552B /* ViewController.swift in Sources */ = {isa = PBXBuildFile; fileRef = 492DAAFB29A8E62100B0552B /* ViewController.swift */; };
		492DAB0129A8E62200B0552B /* Assets.xcassets in Resources */ = {isa = PBXBuildFile; fileRef = 492DAB0029A8E62200B0552B /* Assets.xcassets */; };
		492DAB0429A8E62200B0552B /* LaunchScreen.storyboard in Resources */ = {isa = PBXBuildFile; fileRef = 492DAB0229A8E62200B0552B /* LaunchScreen.storyboard */; };
		492DAB0F29A8E62200B0552B /* CryptoSampleTests.swift in Sources */ = {isa = PBXBuildFile; fileRef = 492DAB0E29A8E62200B0552B /* CryptoSampleTests.swift */; };
		492DAB1929A8E62200B0552B /* CryptoSampleUITests.swift in Sources */ = {isa = PBXBuildFile; fileRef = 492DAB1829A8E62200B0552B /* CryptoSampleUITests.swift */; };
		492DAB1B29A8E62200B0552B /* CryptoSampleUITestsLaunchTests.swift in Sources */ = {isa = PBXBuildFile; fileRef = 492DAB1A29A8E62200B0552B /* CryptoSampleUITestsLaunchTests.swift */; };
/* End PBXBuildFile section */

/* Begin PBXContainerItemProxy section */
		492DAB0B29A8E62200B0552B /* PBXContainerItemProxy */ = {
			isa = PBXContainerItemProxy;
			containerPortal = 492DAAEC29A8E62100B0552B /* Project object */;
			proxyType = 1;
			remoteGlobalIDString = 492DAAF329A8E62100B0552B;
			remoteInfo = CryptoSample;
		};
		492DAB1529A8E62200B0552B /* PBXContainerItemProxy */ = {
			isa = PBXContainerItemProxy;
			containerPortal = 492DAAEC29A8E62100B0552B /* Project object */;
			proxyType = 1;
			remoteGlobalIDString = 492DAAF329A8E62100B0552B;
			remoteInfo = CryptoSample;
		};
/* End PBXContainerItemProxy section */

/* Begin PBXFileReference section */
		492DAAF429A8E62100B0552B /* CryptoSample.app */ = {isa = PBXFileReference; explicitFileType = wrapper.application; includeInIndex = 0; path = CryptoSample.app; sourceTree = BUILT_PRODUCTS_DIR; };
		492DAAF729A8E62100B0552B /* AppDelegate.swift */ = {isa = PBXFileReference; lastKnownFileType = sourcecode.swift; path = AppDelegate.swift; sourceTree = "<group>"; };
		492DAAF929A8E62100B0552B /* SceneDelegate.swift */ = {isa = PBXFileReference; lastKnownFileType = sourcecode.swift; path = SceneDelegate.swift; sourceTree = "<group>"; };
		492DAAFB29A8E62100B0552B /* ViewController.swift */ = {isa = PBXFileReference; lastKnownFileType = sourcecode.swift; path = ViewController.swift; sourceTree = "<group>"; };
		492DAB0029A8E62200B0552B /* Assets.xcassets */ = {isa = PBXFileReference; lastKnownFileType = folder.assetcatalog; path = Assets.xcassets; sourceTree = "<group>"; };
		492DAB0329A8E62200B0552B /* Base */ = {isa = PBXFileReference; lastKnownFileType = file.storyboard; name = Base; path = Base.lproj/LaunchScreen.storyboard; sourceTree = "<group>"; };
		492DAB0529A8E62200B0552B /* Info.plist */ = {isa = PBXFileReference; lastKnownFileType = text.plist.xml; path = Info.plist; sourceTree = "<group>"; };
		492DAB0A29A8E62200B0552B /* CryptoSampleTests.xctest */ = {isa = PBXFileReference; explicitFileType = wrapper.cfbundle; includeInIndex = 0; path = CryptoSampleTests.xctest; sourceTree = BUILT_PRODUCTS_DIR; };
		492DAB0E29A8E62200B0552B /* CryptoSampleTests.swift */ = {isa = PBXFileReference; lastKnownFileType = sourcecode.swift; path = CryptoSampleTests.swift; sourceTree = "<group>"; };
		492DAB1429A8E62200B0552B /* CryptoSampleUITests.xctest */ = {isa = PBXFileReference; explicitFileType = wrapper.cfbundle; includeInIndex = 0; path = CryptoSampleUITests.xctest; sourceTree = BUILT_PRODUCTS_DIR; };
		492DAB1829A8E62200B0552B /* CryptoSampleUITests.swift */ = {isa = PBXFileReference; lastKnownFileType = sourcecode.swift; path = CryptoSampleUITests.swift; sourceTree = "<group>"; };
		492DAB1A29A8E62200B0552B /* CryptoSampleUITestsLaunchTests.swift */ = {isa = PBXFileReference; lastKnownFileType = sourcecode.swift; path = CryptoSampleUITestsLaunchTests.swift; sourceTree = "<group>"; };
/* End PBXFileReference section */

/* Begin PBXFrameworksBuildPhase section */
		492DAAF129A8E62100B0552B /* Frameworks */ = {
			isa = PBXFrameworksBuildPhase;
			buildActionMask = 2147483647;
			files = (
			);
			runOnlyForDeploymentPostprocessing = 0;
		};
		492DAB0729A8E62200B0552B /* Frameworks */ = {
			isa = PBXFrameworksBuildPhase;
			buildActionMask = 2147483647;
			files = (
			);
			runOnlyForDeploymentPostprocessing = 0;
		};
		492DAB1129A8E62200B0552B /* Frameworks */ = {
			isa = PBXFrameworksBuildPhase;
			buildActionMask = 2147483647;
			files = (
			);
			runOnlyForDeploymentPostprocessing = 0;
		};
/* End PBXFrameworksBuildPhase section */

/* Begin PBXGroup section */
		492DAAEB29A8E62100B0552B = {
			isa = PBXGroup;
			children = (
				492DAAF629A8E62100B0552B /* CryptoSample */,
				492DAB0D29A8E62200B0552B /* CryptoSampleTests */,
				492DAB1729A8E62200B0552B /* CryptoSampleUITests */,
				492DAAF529A8E62100B0552B /* Products */,
			);
			sourceTree = "<group>";
		};
		492DAAF529A8E62100B0552B /* Products */ = {
			isa = PBXGroup;
			children = (
				492DAAF429A8E62100B0552B /* CryptoSample.app */,
				492DAB0A29A8E62200B0552B /* CryptoSampleTests.xctest */,
				492DAB1429A8E62200B0552B /* CryptoSampleUITests.xctest */,
			);
			name = Products;
			sourceTree = "<group>";
		};
		492DAAF629A8E62100B0552B /* CryptoSample */ = {
			isa = PBXGroup;
			children = (
				492DAAF729A8E62100B0552B /* AppDelegate.swift */,
				492DAAF929A8E62100B0552B /* SceneDelegate.swift */,
				492DAAFB29A8E62100B0552B /* ViewController.swift */,
				492DAB0029A8E62200B0552B /* Assets.xcassets */,
				492DAB0229A8E62200B0552B /* LaunchScreen.storyboard */,
				492DAB0529A8E62200B0552B /* Info.plist */,
			);
			path = CryptoSample;
			sourceTree = "<group>";
		};
		492DAB0D29A8E62200B0552B /* CryptoSampleTests */ = {
			isa = PBXGroup;
			children = (
				492DAB0E29A8E62200B0552B /* CryptoSampleTests.swift */,
			);
			path = CryptoSampleTests;
			sourceTree = "<group>";
		};
		492DAB1729A8E62200B0552B /* CryptoSampleUITests */ = {
			isa = PBXGroup;
			children = (
				492DAB1829A8E62200B0552B /* CryptoSampleUITests.swift */,
				492DAB1A29A8E62200B0552B /* CryptoSampleUITestsLaunchTests.swift */,
			);
			path = CryptoSampleUITests;
			sourceTree = "<group>";
		};
/* End PBXGroup section */

/* Begin PBXNativeTarget section */
		492DAAF329A8E62100B0552B /* CryptoSample */ = {
			isa = PBXNativeTarget;
			buildConfigurationList = 492DAB1E29A8E62200B0552B /* Build configuration list for PBXNativeTarget "CryptoSample" */;
			buildPhases = (
				492DAAF029A8E62100B0552B /* Sources */,
				492DAAF129A8E62100B0552B /* Frameworks */,
				492DAAF229A8E62100B0552B /* Resources */,
			);
			buildRules = (
			);
			dependencies = (
			);
			name = CryptoSample;
			productName = CryptoSample;
			productReference = 492DAAF429A8E62100B0552B /* CryptoSample.app */;
			productType = "com.apple.product-type.application";
		};
		492DAB0929A8E62200B0552B /* CryptoSampleTests */ = {
			isa = PBXNativeTarget;
			buildConfigurationList = 492DAB2129A8E62200B0552B /* Build configuration list for PBXNativeTarget "CryptoSampleTests" */;
			buildPhases = (
				492DAB0629A8E62200B0552B /* Sources */,
				492DAB0729A8E62200B0552B /* Frameworks */,
				492DAB0829A8E62200B0552B /* Resources */,
			);
			buildRules = (
			);
			dependencies = (
				492DAB0C29A8E62200B0552B /* PBXTargetDependency */,
			);
			name = CryptoSampleTests;
			productName = CryptoSampleTests;
			productReference = 492DAB0A29A8E62200B0552B /* CryptoSampleTests.xctest */;
			productType = "com.apple.product-type.bundle.unit-test";
		};
		492DAB1329A8E62200B0552B /* CryptoSampleUITests */ = {
			isa = PBXNativeTarget;
			buildConfigurationList = 492DAB2429A8E62200B0552B /* Build configuration list for PBXNativeTarget "CryptoSampleUITests" */;
			buildPhases = (
				492DAB1029A8E62200B0552B /* Sources */,
				492DAB1129A8E62200B0552B /* Frameworks */,
				492DAB1229A8E62200B0552B /* Resources */,
			);
			buildRules = (
			);
			dependencies = (
				492DAB1629A8E62200B0552B /* PBXTargetDependency */,
			);
			name = CryptoSampleUITests;
			productName = CryptoSampleUITests;
			productReference = 492DAB1429A8E62200B0552B /* CryptoSampleUITests.xctest */;
			productType = "com.apple.product-type.bundle.ui-testing";
		};
/* End PBXNativeTarget section */

/* Begin PBXProject section */
		492DAAEC29A8E62100B0552B /* Project object */ = {
			isa = PBXProject;
			attributes = {
				BuildIndependentTargetsInParallel = 1;
				LastSwiftUpdateCheck = 1410;
				LastUpgradeCheck = 1410;
				TargetAttributes = {
					492DAAF329A8E62100B0552B = {
						CreatedOnToolsVersion = 14.1;
					};
					492DAB0929A8E62200B0552B = {
						CreatedOnToolsVersion = 14.1;
						TestTargetID = 492DAAF329A8E62100B0552B;
					};
					492DAB1329A8E62200B0552B = {
						CreatedOnToolsVersion = 14.1;
						TestTargetID = 492DAAF329A8E62100B0552B;
					};
				};
			};
			buildConfigurationList = 492DAAEF29A8E62100B0552B /* Build configuration list for PBXProject "CryptoSample" */;
			compatibilityVersion = "Xcode 14.0";
			developmentRegion = en;
			hasScannedForEncodings = 0;
			knownRegions = (
				en,
				Base,
			);
			mainGroup = 492DAAEB29A8E62100B0552B;
			productRefGroup = 492DAAF529A8E62100B0552B /* Products */;
			projectDirPath = "";
			projectRoot = "";
			targets = (
				492DAAF329A8E62100B0552B /* CryptoSample */,
				492DAB0929A8E62200B0552B /* CryptoSampleTests */,
				492DAB1329A8E62200B0552B /* CryptoSampleUITests */,
			);
		};
/* End PBXProject section */

/* Begin PBXResourcesBuildPhase section */
		492DAAF229A8E62100B0552B /* Resources */ = {
			isa = PBXResourcesBuildPhase;
			buildActionMask = 2147483647;
			files = (
				492DAB0429A8E62200B0552B /* LaunchScreen.storyboard in Resources */,
				492DAB0129A8E62200B0552B /* Assets.xcassets in Resources */,
			);
			runOnlyForDeploymentPostprocessing = 0;
		};
		492DAB0829A8E62200B0552B /* Resources */ = {
			isa = PBXResourcesBuildPhase;
			buildActionMask = 2147483647;
			files = (
			);
			runOnlyForDeploymentPostprocessing = 0;
		};
		492DAB1229A8E62200B0552B /* Resources */ = {
			isa = PBXResourcesBuildPhase;
			buildActionMask = 2147483647;
			files = (
			);
			runOnlyForDeploymentPostprocessing = 0;
		};
/* End PBXResourcesBuildPhase section */

/* Begin PBXSourcesBuildPhase section */
		492DAAF029A8E62100B0552B /* Sources */ = {
			isa = PBXSourcesBuildPhase;
			buildActionMask = 2147483647;
			files = (
				492DAAFC29A8E62100B0552B /* ViewController.swift in Sources */,
				492DAAF829A8E62100B0552B /* AppDelegate.swift in Sources */,
				492DAAFA29A8E62100B0552B /* SceneDelegate.swift in Sources */,
			);
			runOnlyForDeploymentPostprocessing = 0;
		};
		492DAB0629A8E62200B0552B /* Sources */ = {
			isa = PBXSourcesBuildPhase;
			buildActionMask = 2147483647;
			files = (
				492DAB0F29A8E62200B0552B /* CryptoSampleTests.swift in Sources */,
			);
			runOnlyForDeploymentPostprocessing = 0;
		};
		492DAB1029A8E62200B0552B /* Sources */ = {
			isa = PBXSourcesBuildPhase;
			buildActionMask = 2147483647;
			files = (
				492DAB1929A8E62200B0552B /* CryptoSampleUITests.swift in Sources */,
				492DAB1B29A8E62200B0552B /* CryptoSampleUITestsLaunchTests.swift in Sources */,
			);
			runOnlyForDeploymentPostprocessing = 0;
		};
/* End PBXSourcesBuildPhase section */

/* Begin PBXTargetDependency section */
		492DAB0C29A8E62200B0552B /* PBXTargetDependency */ = {
			isa = PBXTargetDependency;
			target = 492DAAF329A8E62100B0552B /* CryptoSample */;
			targetProxy = 492DAB0B29A8E62200B0552B /* PBXContainerItemProxy */;
		};
		492DAB1629A8E62200B0552B /* PBXTargetDependency */ = {
			isa = PBXTargetDependency;
			target = 492DAAF329A8E62100B0552B /* CryptoSample */;
			targetProxy = 492DAB1529A8E62200B0552B /* PBXContainerItemProxy */;
		};
/* End PBXTargetDependency section */

/* Begin PBXVariantGroup section */
		492DAB0229A8E62200B0552B /* LaunchScreen.storyboard */ = {
			isa = PBXVariantGroup;
			children = (
				492DAB0329A8E62200B0552B /* Base */,
			);
			name = LaunchScreen.storyboard;
			sourceTree = "<group>";
		};
/* End PBXVariantGroup section */

/* Begin XCBuildConfiguration section */
		492DAB1C29A8E62200B0552B /* Debug */ = {
			isa = XCBuildConfiguration;
			buildSettings = {
				ALWAYS_SEARCH_USER_PATHS = NO;
				CLANG_ANALYZER_NONNULL = YES;
				CLANG_ANALYZER_NUMBER_OBJECT_CONVERSION = YES_AGGRESSIVE;
				CLANG_CXX_LANGUAGE_STANDARD = "gnu++20";
				CLANG_ENABLE_MODULES = YES;
				CLANG_ENABLE_OBJC_ARC = YES;
				CLANG_ENABLE_OBJC_WEAK = YES;
				CLANG_WARN_BLOCK_CAPTURE_AUTORELEASING = YES;
				CLANG_WARN_BOOL_CONVERSION = YES;
				CLANG_WARN_COMMA = YES;
				CLANG_WARN_CONSTANT_CONVERSION = YES;
				CLANG_WARN_DEPRECATED_OBJC_IMPLEMENTATIONS = YES;
				CLANG_WARN_DIRECT_OBJC_ISA_USAGE = YES_ERROR;
				CLANG_WARN_DOCUMENTATION_COMMENTS = YES;
				CLANG_WARN_EMPTY_BODY = YES;
				CLANG_WARN_ENUM_CONVERSION = YES;
				CLANG_WARN_INFINITE_RECURSION = YES;
				CLANG_WARN_INT_CONVERSION = YES;
				CLANG_WARN_NON_LITERAL_NULL_CONVERSION = YES;
				CLANG_WARN_OBJC_IMPLICIT_RETAIN_SELF = YES;
				CLANG_WARN_OBJC_LITERAL_CONVERSION = YES;
				CLANG_WARN_OBJC_ROOT_CLASS = YES_ERROR;
				CLANG_WARN_QUOTED_INCLUDE_IN_FRAMEWORK_HEADER = YES;
				CLANG_WARN_RANGE_LOOP_ANALYSIS = YES;
				CLANG_WARN_STRICT_PROTOTYPES = YES;
				CLANG_WARN_SUSPICIOUS_MOVE = YES;
				CLANG_WARN_UNGUARDED_AVAILABILITY = YES_AGGRESSIVE;
				CLANG_WARN_UNREACHABLE_CODE = YES;
				CLANG_WARN__DUPLICATE_METHOD_MATCH = YES;
				COPY_PHASE_STRIP = NO;
				DEBUG_INFORMATION_FORMAT = dwarf;
				ENABLE_STRICT_OBJC_MSGSEND = YES;
				ENABLE_TESTABILITY = YES;
				GCC_C_LANGUAGE_STANDARD = gnu11;
				GCC_DYNAMIC_NO_PIC = NO;
				GCC_NO_COMMON_BLOCKS = YES;
				GCC_OPTIMIZATION_LEVEL = 0;
				GCC_PREPROCESSOR_DEFINITIONS = (
					"DEBUG=1",
					"$(inherited)",
				);
				GCC_WARN_64_TO_32_BIT_CONVERSION = YES;
				GCC_WARN_ABOUT_RETURN_TYPE = YES_ERROR;
				GCC_WARN_UNDECLARED_SELECTOR = YES;
				GCC_WARN_UNINITIALIZED_AUTOS = YES_AGGRESSIVE;
				GCC_WARN_UNUSED_FUNCTION = YES;
				GCC_WARN_UNUSED_VARIABLE = YES;
				IPHONEOS_DEPLOYMENT_TARGET = 16.1;
				MTL_ENABLE_DEBUG_INFO = INCLUDE_SOURCE;
				MTL_FAST_MATH = YES;
				ONLY_ACTIVE_ARCH = YES;
				SDKROOT = iphoneos;
				SWIFT_ACTIVE_COMPILATION_CONDITIONS = DEBUG;
				SWIFT_OPTIMIZATION_LEVEL = "-Onone";
			};
			name = Debug;
		};
		492DAB1D29A8E62200B0552B /* Release */ = {
			isa = XCBuildConfiguration;
			buildSettings = {
				ALWAYS_SEARCH_USER_PATHS = NO;
				CLANG_ANALYZER_NONNULL = YES;
				CLANG_ANALYZER_NUMBER_OBJECT_CONVERSION = YES_AGGRESSIVE;
				CLANG_CXX_LANGUAGE_STANDARD = "gnu++20";
				CLANG_ENABLE_MODULES = YES;
				CLANG_ENABLE_OBJC_ARC = YES;
				CLANG_ENABLE_OBJC_WEAK = YES;
				CLANG_WARN_BLOCK_CAPTURE_AUTORELEASING = YES;
				CLANG_WARN_BOOL_CONVERSION = YES;
				CLANG_WARN_COMMA = YES;
				CLANG_WARN_CONSTANT_CONVERSION = YES;
				CLANG_WARN_DEPRECATED_OBJC_IMPLEMENTATIONS = YES;
				CLANG_WARN_DIRECT_OBJC_ISA_USAGE = YES_ERROR;
				CLANG_WARN_DOCUMENTATION_COMMENTS = YES;
				CLANG_WARN_EMPTY_BODY = YES;
				CLANG_WARN_ENUM_CONVERSION = YES;
				CLANG_WARN_INFINITE_RECURSION = YES;
				CLANG_WARN_INT_CONVERSION = YES;
				CLANG_WARN_NON_LITERAL_NULL_CONVERSION = YES;
				CLANG_WARN_OBJC_IMPLICIT_RETAIN_SELF = YES;
				CLANG_WARN_OBJC_LITERAL_CONVERSION = YES;
				CLANG_WARN_OBJC_ROOT_CLASS = YES_ERROR;
				CLANG_WARN_QUOTED_INCLUDE_IN_FRAMEWORK_HEADER = YES;
				CLANG_WARN_RANGE_LOOP_ANALYSIS = YES;
				CLANG_WARN_STRICT_PROTOTYPES = YES;
				CLANG_WARN_SUSPICIOUS_MOVE = YES;
				CLANG_WARN_UNGUARDED_AVAILABILITY = YES_AGGRESSIVE;
				CLANG_WARN_UNREACHABLE_CODE = YES;
				CLANG_WARN__DUPLICATE_METHOD_MATCH = YES;
				COPY_PHASE_STRIP = NO;
				DEBUG_INFORMATION_FORMAT = "dwarf-with-dsym";
				ENABLE_NS_ASSERTIONS = NO;
				ENABLE_STRICT_OBJC_MSGSEND = YES;
				GCC_C_LANGUAGE_STANDARD = gnu11;
				GCC_NO_COMMON_BLOCKS = YES;
				GCC_WARN_64_TO_32_BIT_CONVERSION = YES;
				GCC_WARN_ABOUT_RETURN_TYPE = YES_ERROR;
				GCC_WARN_UNDECLARED_SELECTOR = YES;
				GCC_WARN_UNINITIALIZED_AUTOS = YES_AGGRESSIVE;
				GCC_WARN_UNUSED_FUNCTION = YES;
				GCC_WARN_UNUSED_VARIABLE = YES;
				IPHONEOS_DEPLOYMENT_TARGET = 16.1;
				MTL_ENABLE_DEBUG_INFO = NO;
				MTL_FAST_MATH = YES;
				SDKROOT = iphoneos;
				SWIFT_COMPILATION_MODE = wholemodule;
				SWIFT_OPTIMIZATION_LEVEL = "-O";
				VALIDATE_PRODUCT = YES;
			};
			name = Release;
		};
		492DAB1F29A8E62200B0552B /* Debug */ = {
			isa = XCBuildConfiguration;
			buildSettings = {
				ASSETCATALOG_COMPILER_APPICON_NAME = AppIcon;
				ASSETCATALOG_COMPILER_GLOBAL_ACCENT_COLOR_NAME = AccentColor;
				CODE_SIGN_STYLE = Automatic;
				CURRENT_PROJECT_VERSION = 1;
				DEVELOPMENT_TEAM = W3V3KSSZTP;
				GENERATE_INFOPLIST_FILE = YES;
				INFOPLIST_FILE = CryptoSample/Info.plist;
				INFOPLIST_KEY_UIApplicationSupportsIndirectInputEvents = YES;
				INFOPLIST_KEY_UILaunchStoryboardName = LaunchScreen;
				INFOPLIST_KEY_UISupportedInterfaceOrientations_iPad = "UIInterfaceOrientationPortrait UIInterfaceOrientationPortraitUpsideDown UIInterfaceOrientationLandscapeLeft UIInterfaceOrientationLandscapeRight";
				INFOPLIST_KEY_UISupportedInterfaceOrientations_iPhone = "UIInterfaceOrientationPortrait UIInterfaceOrientationLandscapeLeft UIInterfaceOrientationLandscapeRight";
				LD_RUNPATH_SEARCH_PATHS = (
					"$(inherited)",
					"@executable_path/Frameworks",
				);
				MARKETING_VERSION = 1.0;
				PRODUCT_BUNDLE_IDENTIFIER = com.GanNaSong.CryptoSample;
				PRODUCT_NAME = "$(TARGET_NAME)";
				SWIFT_EMIT_LOC_STRINGS = YES;
				SWIFT_VERSION = 5.0;
				TARGETED_DEVICE_FAMILY = "1,2";
			};
			name = Debug;
		};
		492DAB2029A8E62200B0552B /* Release */ = {
			isa = XCBuildConfiguration;
			buildSettings = {
				ASSETCATALOG_COMPILER_APPICON_NAME = AppIcon;
				ASSETCATALOG_COMPILER_GLOBAL_ACCENT_COLOR_NAME = AccentColor;
				CODE_SIGN_STYLE = Automatic;
				CURRENT_PROJECT_VERSION = 1;
				DEVELOPMENT_TEAM = W3V3KSSZTP;
				GENERATE_INFOPLIST_FILE = YES;
				INFOPLIST_FILE = CryptoSample/Info.plist;
				INFOPLIST_KEY_UIApplicationSupportsIndirectInputEvents = YES;
				INFOPLIST_KEY_UILaunchStoryboardName = LaunchScreen;
				INFOPLIST_KEY_UISupportedInterfaceOrientations_iPad = "UIInterfaceOrientationPortrait UIInterfaceOrientationPortraitUpsideDown UIInterfaceOrientationLandscapeLeft UIInterfaceOrientationLandscapeRight";
				INFOPLIST_KEY_UISupportedInterfaceOrientations_iPhone = "UIInterfaceOrientationPortrait UIInterfaceOrientationLandscapeLeft UIInterfaceOrientationLandscapeRight";
				LD_RUNPATH_SEARCH_PATHS = (
					"$(inherited)",
					"@executable_path/Frameworks",
				);
				MARKETING_VERSION = 1.0;
				PRODUCT_BUNDLE_IDENTIFIER = com.GanNaSong.CryptoSample;
				PRODUCT_NAME = "$(TARGET_NAME)";
				SWIFT_EMIT_LOC_STRINGS = YES;
				SWIFT_VERSION = 5.0;
				TARGETED_DEVICE_FAMILY = "1,2";
			};
			name = Release;
		};
		492DAB2229A8E62200B0552B /* Debug */ = {
			isa = XCBuildConfiguration;
			buildSettings = {
				ALWAYS_EMBED_SWIFT_STANDARD_LIBRARIES = YES;
				BUNDLE_LOADER = "$(TEST_HOST)";
				CODE_SIGN_STYLE = Automatic;
				CURRENT_PROJECT_VERSION = 1;
				DEVELOPMENT_TEAM = W3V3KSSZTP;
				GENERATE_INFOPLIST_FILE = YES;
				IPHONEOS_DEPLOYMENT_TARGET = 16.1;
				MARKETING_VERSION = 1.0;
				PRODUCT_BUNDLE_IDENTIFIER = com.GanNaSong.CryptoSampleTests;
				PRODUCT_NAME = "$(TARGET_NAME)";
				SWIFT_EMIT_LOC_STRINGS = NO;
				SWIFT_VERSION = 5.0;
				TARGETED_DEVICE_FAMILY = "1,2";
				TEST_HOST = "$(BUILT_PRODUCTS_DIR)/CryptoSample.app/$(BUNDLE_EXECUTABLE_FOLDER_PATH)/CryptoSample";
			};
			name = Debug;
		};
		492DAB2329A8E62200B0552B /* Release */ = {
			isa = XCBuildConfiguration;
			buildSettings = {
				ALWAYS_EMBED_SWIFT_STANDARD_LIBRARIES = YES;
				BUNDLE_LOADER = "$(TEST_HOST)";
				CODE_SIGN_STYLE = Automatic;
				CURRENT_PROJECT_VERSION = 1;
				DEVELOPMENT_TEAM = W3V3KSSZTP;
				GENERATE_INFOPLIST_FILE = YES;
				IPHONEOS_DEPLOYMENT_TARGET = 16.1;
				MARKETING_VERSION = 1.0;
				PRODUCT_BUNDLE_IDENTIFIER = com.GanNaSong.CryptoSampleTests;
				PRODUCT_NAME = "$(TARGET_NAME)";
				SWIFT_EMIT_LOC_STRINGS = NO;
				SWIFT_VERSION = 5.0;
				TARGETED_DEVICE_FAMILY = "1,2";
				TEST_HOST = "$(BUILT_PRODUCTS_DIR)/CryptoSample.app/$(BUNDLE_EXECUTABLE_FOLDER_PATH)/CryptoSample";
			};
			name = Release;
		};
		492DAB2529A8E62200B0552B /* Debug */ = {
			isa = XCBuildConfiguration;
			buildSettings = {
				ALWAYS_EMBED_SWIFT_STANDARD_LIBRARIES = YES;
				CODE_SIGN_STYLE = Automatic;
				CURRENT_PROJECT_VERSION = 1;
				DEVELOPMENT_TEAM = W3V3KSSZTP;
				GENERATE_INFOPLIST_FILE = YES;
				MARKETING_VERSION = 1.0;
				PRODUCT_BUNDLE_IDENTIFIER = com.GanNaSong.CryptoSampleUITests;
				PRODUCT_NAME = "$(TARGET_NAME)";
				SWIFT_EMIT_LOC_STRINGS = NO;
				SWIFT_VERSION = 5.0;
				TARGETED_DEVICE_FAMILY = "1,2";
				TEST_TARGET_NAME = CryptoSample;
			};
			name = Debug;
		};
		492DAB2629A8E62200B0552B /* Release */ = {
			isa = XCBuildConfiguration;
			buildSettings = {
				ALWAYS_EMBED_SWIFT_STANDARD_LIBRARIES = YES;
				CODE_SIGN_STYLE = Automatic;
				CURRENT_PROJECT_VERSION = 1;
				DEVELOPMENT_TEAM = W3V3KSSZTP;
				GENERATE_INFOPLIST_FILE = YES;
				MARKETING_VERSION = 1.0;
				PRODUCT_BUNDLE_IDENTIFIER = com.GanNaSong.CryptoSampleUITests;
				PRODUCT_NAME = "$(TARGET_NAME)";
				SWIFT_EMIT_LOC_STRINGS = NO;
				SWIFT_VERSION = 5.0;
				TARGETED_DEVICE_FAMILY = "1,2";
				TEST_TARGET_NAME = CryptoSample;
			};
			name = Release;
		};
/* End XCBuildConfiguration section */

/* Begin XCConfigurationList section */
		492DAAEF29A8E62100B0552B /* Build configuration list for PBXProject "CryptoSample" */ = {
			isa = XCConfigurationList;
			buildConfigurations = (
				492DAB1C29A8E62200B0552B /* Debug */,
				492DAB1D29A8E62200B0552B /* Release */,
			);
			defaultConfigurationIsVisible = 0;
			defaultConfigurationName = Release;
		};
		492DAB1E29A8E62200B0552B /* Build configuration list for PBXNativeTarget "CryptoSample" */ = {
			isa = XCConfigurationList;
			buildConfigurations = (
				492DAB1F29A8E62200B0552B /* Debug */,
				492DAB2029A8E62200B0552B /* Release */,
			);
			defaultConfigurationIsVisible = 0;
			defaultConfigurationName = Release;
		};
		492DAB2129A8E62200B0552B /* Build configuration list for PBXNativeTarget "CryptoSampleTests" */ = {
			isa = XCConfigurationList;
			buildConfigurations = (
				492DAB2229A8E62200B0552B /* Debug */,
				492DAB2329A8E62200B0552B /* Release */,
			);
			defaultConfigurationIsVisible = 0;
			defaultConfigurationName = Release;
		};
		492DAB2429A8E62200B0552B /* Build configuration list for PBXNativeTarget "CryptoSampleUITests" */ = {
			isa = XCConfigurationList;
			buildConfigurations = (
				492DAB2529A8E62200B0552B /* Debug */,
				492DAB2629A8E62200B0552B /* Release */,
			);
			defaultConfigurationIsVisible = 0;
			defaultConfigurationName = Release;
		};
/* End XCConfigurationList section */
	};
	rootObject = 492DAAEC29A8E62100B0552B /* Project object */;
}
